
Microsoft Visual Studio Solution File, Format Version 12.00
# Visual Studio Version 17
VisualStudioVersion = 17.12.35527.113
MinimumVisualStudioVersion = 10.0.40219.1
Project("{2150E333-8FDC-42A3-9474-1A3956D46DE8}") = "Api", "Api", "{A87CD118-38B0-4B1A-876D-4FE376F7C3B8}"
EndProject
Project("{FAE04EC0-301F-11D3-BF4B-00C04F79EFBC}") = "Api", "Api\Api.csproj", "{4268DBE4-5B37-4FF2-8F62-4387ACB25A2D}"
EndProject
Project("{FAE04EC0-301F-11D3-BF4B-00C04F79EFBC}") = "Api.Infrastructure", "Api.Infrastructure\Api.Infrastructure.csproj", "{0FBD493B-A30D-4415-AAEF-4B3FA9289845}"
EndProject
Project("{2150E333-8FDC-42A3-9474-1A3956D46DE8}") = "Common", "Common", "{9F4F8F52-3568-4811-8C38-B497084D77BF}"
EndProject
Project("{FAE04EC0-301F-11D3-BF4B-00C04F79EFBC}") = "Api.Models", "Api.Models\Api.Models.csproj", "{44217773-4FFB-4D1F-9B7F-2F650B8BD7B7}"
EndProject
Project("{FAE04EC0-301F-11D3-BF4B-00C04F79EFBC}") = "Contracts", "Contracts\Contracts.csproj", "{964C55E8-B1E7-4E7B-B6EB-3FED571BBE69}"
EndProject
Project("{FAE04EC0-301F-11D3-BF4B-00C04F79EFBC}") = "Exceptions", "Exceptions\Exceptions.csproj", "{724AB6F9-D84C-406F-80AF-18C14D957336}"
EndProject
Project("{2150E333-8FDC-42A3-9474-1A3956D46DE8}") = "Solution Items", "Solution Items", "{CC7CA7BF-21DA-4EAB-B6DD-A05683A4A0C7}"
	ProjectSection(SolutionItems) = preProject
		Generate-Migration.ps1 = Generate-Migration.ps1
	EndProjectSection
EndProject
Project("{2150E333-8FDC-42A3-9474-1A3956D46DE8}") = "Web", "Web", "{14EBF01A-F4D0-419E-819F-E10974838B25}"
EndProject
Project("{FAE04EC0-301F-11D3-BF4B-00C04F79EFBC}") = "Web", "Web\Web.csproj", "{5343A55B-EACB-4E23-A62E-E3D3B51AAC35}"
EndProject
Project("{FAE04EC0-301F-11D3-BF4B-00C04F79EFBC}") = "Web.Infrastructure", "Web.Infrastructure\Web.Infrastructure.csproj", "{50F9C11A-32E1-4584-9C4A-9ADE977E4786}"
EndProject
Project("{FAE04EC0-301F-11D3-BF4B-00C04F79EFBC}") = "Web.Logic", "Web.Logic\Web.Logic.csproj", "{CDD34BF9-38A2-4235-A881-DD98ACF3E381}"
EndProject
Project("{FAE04EC0-301F-11D3-BF4B-00C04F79EFBC}") = "Web.Logic.Contracts", "Web.Logic.Contracts\Web.Logic.Contracts.csproj", "{2C9179A8-0A20-453D-8320-685DE5FE7340}"
EndProject
Project("{FAE04EC0-301F-11D3-BF4B-00C04F79EFBC}") = "Web.Data", "Web.Data\Web.Data.csproj", "{7A419E49-67AD-4B81-851B-C191BD2B7087}"
EndProject
Project("{FAE04EC0-301F-11D3-BF4B-00C04F79EFBC}") = "Web.Data.Contracts", "Web.Data.Contracts\Web.Data.Contracts.csproj", "{A21EA496-720B-4A79-BA75-467805F7E4BF}"
EndProject
Project("{FAE04EC0-301F-11D3-BF4B-00C04F79EFBC}") = "Api.Data.Contracts", "Api.Data.Contracts\Api.Data.Contracts.csproj", "{297EAE50-88B0-4A36-B3DD-03C4A8E89E41}"
EndProject
Project("{FAE04EC0-301F-11D3-BF4B-00C04F79EFBC}") = "Api.Logic", "Api.Logic\Api.Logic.csproj", "{61512942-39D2-4C89-AEE0-3158F8188720}"
EndProject
Project("{FAE04EC0-301F-11D3-BF4B-00C04F79EFBC}") = "Api.Logic.Contracts", "Api.Logic.Contracts\Api.Logic.Contracts.csproj", "{48E5FBFF-433D-4F02-8325-43854C65DA79}"
EndProject
Project("{FAE04EC0-301F-11D3-BF4B-00C04F79EFBC}") = "Api.Data.Infrastructure", "Api.Data.Infrastructure\Api.Data.Infrastructure.csproj", "{3D3A5288-C80C-4608-ADEB-352ECD9E410E}"
EndProject
Project("{FAE04EC0-301F-11D3-BF4B-00C04F79EFBC}") = "Api.Data.MsSql", "Api.Data.MsSql\Api.Data.MsSql.csproj", "{B35B770D-B252-49F0-B1A3-02D8EF1FC8C6}"
EndProject
Project("{FAE04EC0-301F-11D3-BF4B-00C04F79EFBC}") = "Api.Logic.Infrastructure", "Api.Logic.Infrastructure\Api.Logic.Infrastructure.csproj", "{9649FA3D-A922-4B7E-965F-D165A2E49921}"
EndProject
Project("{2150E333-8FDC-42A3-9474-1A3956D46DE8}") = "Api Data", "Api Data", "{8D5ECEE3-746C-406F-9E7E-8C8039738D9A}"
EndProject
Project("{2150E333-8FDC-42A3-9474-1A3956D46DE8}") = "Api Logic", "Api Logic", "{1BDEEED1-B7DB-491D-A74F-CF68B568BB53}"
EndProject
Project("{2150E333-8FDC-42A3-9474-1A3956D46DE8}") = "Web Logic", "Web Logic", "{C279C607-ECF6-4A99-BAC4-298DA157451F}"
EndProject
Project("{2150E333-8FDC-42A3-9474-1A3956D46DE8}") = "Web Data", "Web Data", "{7A2B9D03-57C6-4DD4-9E63-98EEB8CA3511}"
EndProject
Project("{FAE04EC0-301F-11D3-BF4B-00C04F79EFBC}") = "Web.Data.Infrastructure", "Web.Data.Infrastructure\Web.Data.Infrastructure.csproj", "{0E36582F-2018-4854-9745-415D06F60BB0}"
EndProject
Project("{FAE04EC0-301F-11D3-BF4B-00C04F79EFBC}") = "Web.Logic.Infrastructure", "Web.Logic.Infrastructure\Web.Logic.Infrastructure.csproj", "{B9501FF7-F095-459F-B7AE-F403659C5454}"
EndProject
Project("{FAE04EC0-301F-11D3-BF4B-00C04F79EFBC}") = "Api.Logic.UnitTests", "Api.Logic.UnitTests\Api.Logic.UnitTests.csproj", "{38F4C9DF-ACD2-4282-BBC2-6EE1499D33E2}"
EndProject
Project("{FAE04EC0-301F-11D3-BF4B-00C04F79EFBC}") = "Api.Data.MsSql.UnitTests", "Api.Data.MsSql.UnitTests\Api.Data.MsSql.UnitTests.csproj", "{254E1D04-6CB0-4376-80C2-98CFBD86FE7F}"
EndProject
Project("{FAE04EC0-301F-11D3-BF4B-00C04F79EFBC}") = "Api.UnitTests", "Api.UnitTests\Api.UnitTests.csproj", "{7CD365C2-7126-4907-88D9-9F61C7679DB9}"
EndProject
Project("{FAE04EC0-301F-11D3-BF4B-00C04F79EFBC}") = "Web.UnitTests", "Web.UnitTests\Web.UnitTests.csproj", "{C7B43003-F351-4C22-8317-957511047F5E}"
EndProject
Project("{FAE04EC0-301F-11D3-BF4B-00C04F79EFBC}") = "Web.Data.UnitTests", "Web.Data.UnitTests\Web.Data.UnitTests.csproj", "{A83A23F2-19B5-421B-A97C-F2C28B708D69}"
EndProject
Project("{FAE04EC0-301F-11D3-BF4B-00C04F79EFBC}") = "Web.Logic.UnitTests", "Web.Logic.UnitTests\Web.Logic.UnitTests.csproj", "{3CFAD207-E815-4A7D-BB5A-82E868F61EB5}"
EndProject
Global
	GlobalSection(SolutionConfigurationPlatforms) = preSolution
		Debug|Any CPU = Debug|Any CPU
		Release|Any CPU = Release|Any CPU
	EndGlobalSection
	GlobalSection(ProjectConfigurationPlatforms) = postSolution
		{4268DBE4-5B37-4FF2-8F62-4387ACB25A2D}.Debug|Any CPU.ActiveCfg = Debug|Any CPU
		{4268DBE4-5B37-4FF2-8F62-4387ACB25A2D}.Debug|Any CPU.Build.0 = Debug|Any CPU
		{4268DBE4-5B37-4FF2-8F62-4387ACB25A2D}.Release|Any CPU.ActiveCfg = Release|Any CPU
		{4268DBE4-5B37-4FF2-8F62-4387ACB25A2D}.Release|Any CPU.Build.0 = Release|Any CPU
		{0FBD493B-A30D-4415-AAEF-4B3FA9289845}.Debug|Any CPU.ActiveCfg = Debug|Any CPU
		{0FBD493B-A30D-4415-AAEF-4B3FA9289845}.Debug|Any CPU.Build.0 = Debug|Any CPU
		{0FBD493B-A30D-4415-AAEF-4B3FA9289845}.Release|Any CPU.ActiveCfg = Release|Any CPU
		{0FBD493B-A30D-4415-AAEF-4B3FA9289845}.Release|Any CPU.Build.0 = Release|Any CPU
		{44217773-4FFB-4D1F-9B7F-2F650B8BD7B7}.Debug|Any CPU.ActiveCfg = Debug|Any CPU
		{44217773-4FFB-4D1F-9B7F-2F650B8BD7B7}.Debug|Any CPU.Build.0 = Debug|Any CPU
		{44217773-4FFB-4D1F-9B7F-2F650B8BD7B7}.Release|Any CPU.ActiveCfg = Release|Any CPU
		{44217773-4FFB-4D1F-9B7F-2F650B8BD7B7}.Release|Any CPU.Build.0 = Release|Any CPU
		{964C55E8-B1E7-4E7B-B6EB-3FED571BBE69}.Debug|Any CPU.ActiveCfg = Debug|Any CPU
		{964C55E8-B1E7-4E7B-B6EB-3FED571BBE69}.Debug|Any CPU.Build.0 = Debug|Any CPU
		{964C55E8-B1E7-4E7B-B6EB-3FED571BBE69}.Release|Any CPU.ActiveCfg = Release|Any CPU
		{964C55E8-B1E7-4E7B-B6EB-3FED571BBE69}.Release|Any CPU.Build.0 = Release|Any CPU
		{724AB6F9-D84C-406F-80AF-18C14D957336}.Debug|Any CPU.ActiveCfg = Debug|Any CPU
		{724AB6F9-D84C-406F-80AF-18C14D957336}.Debug|Any CPU.Build.0 = Debug|Any CPU
		{724AB6F9-D84C-406F-80AF-18C14D957336}.Release|Any CPU.ActiveCfg = Release|Any CPU
		{724AB6F9-D84C-406F-80AF-18C14D957336}.Release|Any CPU.Build.0 = Release|Any CPU
		{5343A55B-EACB-4E23-A62E-E3D3B51AAC35}.Debug|Any CPU.ActiveCfg = Debug|Any CPU
		{5343A55B-EACB-4E23-A62E-E3D3B51AAC35}.Debug|Any CPU.Build.0 = Debug|Any CPU
		{5343A55B-EACB-4E23-A62E-E3D3B51AAC35}.Release|Any CPU.ActiveCfg = Release|Any CPU
		{5343A55B-EACB-4E23-A62E-E3D3B51AAC35}.Release|Any CPU.Build.0 = Release|Any CPU
		{50F9C11A-32E1-4584-9C4A-9ADE977E4786}.Debug|Any CPU.ActiveCfg = Debug|Any CPU
		{50F9C11A-32E1-4584-9C4A-9ADE977E4786}.Debug|Any CPU.Build.0 = Debug|Any CPU
		{50F9C11A-32E1-4584-9C4A-9ADE977E4786}.Release|Any CPU.ActiveCfg = Release|Any CPU
		{50F9C11A-32E1-4584-9C4A-9ADE977E4786}.Release|Any CPU.Build.0 = Release|Any CPU
		{CDD34BF9-38A2-4235-A881-DD98ACF3E381}.Debug|Any CPU.ActiveCfg = Debug|Any CPU
		{CDD34BF9-38A2-4235-A881-DD98ACF3E381}.Debug|Any CPU.Build.0 = Debug|Any CPU
		{CDD34BF9-38A2-4235-A881-DD98ACF3E381}.Release|Any CPU.ActiveCfg = Release|Any CPU
		{CDD34BF9-38A2-4235-A881-DD98ACF3E381}.Release|Any CPU.Build.0 = Release|Any CPU
		{2C9179A8-0A20-453D-8320-685DE5FE7340}.Debug|Any CPU.ActiveCfg = Debug|Any CPU
		{2C9179A8-0A20-453D-8320-685DE5FE7340}.Debug|Any CPU.Build.0 = Debug|Any CPU
		{2C9179A8-0A20-453D-8320-685DE5FE7340}.Release|Any CPU.ActiveCfg = Release|Any CPU
		{2C9179A8-0A20-453D-8320-685DE5FE7340}.Release|Any CPU.Build.0 = Release|Any CPU
		{7A419E49-67AD-4B81-851B-C191BD2B7087}.Debug|Any CPU.ActiveCfg = Debug|Any CPU
		{7A419E49-67AD-4B81-851B-C191BD2B7087}.Debug|Any CPU.Build.0 = Debug|Any CPU
		{7A419E49-67AD-4B81-851B-C191BD2B7087}.Release|Any CPU.ActiveCfg = Release|Any CPU
		{7A419E49-67AD-4B81-851B-C191BD2B7087}.Release|Any CPU.Build.0 = Release|Any CPU
		{A21EA496-720B-4A79-BA75-467805F7E4BF}.Debug|Any CPU.ActiveCfg = Debug|Any CPU
		{A21EA496-720B-4A79-BA75-467805F7E4BF}.Debug|Any CPU.Build.0 = Debug|Any CPU
		{A21EA496-720B-4A79-BA75-467805F7E4BF}.Release|Any CPU.ActiveCfg = Release|Any CPU
		{A21EA496-720B-4A79-BA75-467805F7E4BF}.Release|Any CPU.Build.0 = Release|Any CPU
		{297EAE50-88B0-4A36-B3DD-03C4A8E89E41}.Debug|Any CPU.ActiveCfg = Debug|Any CPU
		{297EAE50-88B0-4A36-B3DD-03C4A8E89E41}.Debug|Any CPU.Build.0 = Debug|Any CPU
		{297EAE50-88B0-4A36-B3DD-03C4A8E89E41}.Release|Any CPU.ActiveCfg = Release|Any CPU
		{297EAE50-88B0-4A36-B3DD-03C4A8E89E41}.Release|Any CPU.Build.0 = Release|Any CPU
		{61512942-39D2-4C89-AEE0-3158F8188720}.Debug|Any CPU.ActiveCfg = Debug|Any CPU
		{61512942-39D2-4C89-AEE0-3158F8188720}.Debug|Any CPU.Build.0 = Debug|Any CPU
		{61512942-39D2-4C89-AEE0-3158F8188720}.Release|Any CPU.ActiveCfg = Release|Any CPU
		{61512942-39D2-4C89-AEE0-3158F8188720}.Release|Any CPU.Build.0 = Release|Any CPU
		{48E5FBFF-433D-4F02-8325-43854C65DA79}.Debug|Any CPU.ActiveCfg = Debug|Any CPU
		{48E5FBFF-433D-4F02-8325-43854C65DA79}.Debug|Any CPU.Build.0 = Debug|Any CPU
		{48E5FBFF-433D-4F02-8325-43854C65DA79}.Release|Any CPU.ActiveCfg = Release|Any CPU
		{48E5FBFF-433D-4F02-8325-43854C65DA79}.Release|Any CPU.Build.0 = Release|Any CPU
		{3D3A5288-C80C-4608-ADEB-352ECD9E410E}.Debug|Any CPU.ActiveCfg = Debug|Any CPU
		{3D3A5288-C80C-4608-ADEB-352ECD9E410E}.Debug|Any CPU.Build.0 = Debug|Any CPU
		{3D3A5288-C80C-4608-ADEB-352ECD9E410E}.Release|Any CPU.ActiveCfg = Release|Any CPU
		{3D3A5288-C80C-4608-ADEB-352ECD9E410E}.Release|Any CPU.Build.0 = Release|Any CPU
		{B35B770D-B252-49F0-B1A3-02D8EF1FC8C6}.Debug|Any CPU.ActiveCfg = Debug|Any CPU
		{B35B770D-B252-49F0-B1A3-02D8EF1FC8C6}.Debug|Any CPU.Build.0 = Debug|Any CPU
		{B35B770D-B252-49F0-B1A3-02D8EF1FC8C6}.Release|Any CPU.ActiveCfg = Release|Any CPU
		{B35B770D-B252-49F0-B1A3-02D8EF1FC8C6}.Release|Any CPU.Build.0 = Release|Any CPU
		{9649FA3D-A922-4B7E-965F-D165A2E49921}.Debug|Any CPU.ActiveCfg = Debug|Any CPU
		{9649FA3D-A922-4B7E-965F-D165A2E49921}.Debug|Any CPU.Build.0 = Debug|Any CPU
		{9649FA3D-A922-4B7E-965F-D165A2E49921}.Release|Any CPU.ActiveCfg = Release|Any CPU
		{9649FA3D-A922-4B7E-965F-D165A2E49921}.Release|Any CPU.Build.0 = Release|Any CPU
		{0E36582F-2018-4854-9745-415D06F60BB0}.Debug|Any CPU.ActiveCfg = Debug|Any CPU
		{0E36582F-2018-4854-9745-415D06F60BB0}.Debug|Any CPU.Build.0 = Debug|Any CPU
		{0E36582F-2018-4854-9745-415D06F60BB0}.Release|Any CPU.ActiveCfg = Release|Any CPU
		{0E36582F-2018-4854-9745-415D06F60BB0}.Release|Any CPU.Build.0 = Release|Any CPU
		{B9501FF7-F095-459F-B7AE-F403659C5454}.Debug|Any CPU.ActiveCfg = Debug|Any CPU
		{B9501FF7-F095-459F-B7AE-F403659C5454}.Debug|Any CPU.Build.0 = Debug|Any CPU
		{B9501FF7-F095-459F-B7AE-F403659C5454}.Release|Any CPU.ActiveCfg = Release|Any CPU
		{B9501FF7-F095-459F-B7AE-F403659C5454}.Release|Any CPU.Build.0 = Release|Any CPU
		{38F4C9DF-ACD2-4282-BBC2-6EE1499D33E2}.Debug|Any CPU.ActiveCfg = Debug|Any CPU
		{38F4C9DF-ACD2-4282-BBC2-6EE1499D33E2}.Debug|Any CPU.Build.0 = Debug|Any CPU
		{38F4C9DF-ACD2-4282-BBC2-6EE1499D33E2}.Release|Any CPU.ActiveCfg = Release|Any CPU
		{38F4C9DF-ACD2-4282-BBC2-6EE1499D33E2}.Release|Any CPU.Build.0 = Release|Any CPU
		{254E1D04-6CB0-4376-80C2-98CFBD86FE7F}.Debug|Any CPU.ActiveCfg = Debug|Any CPU
		{254E1D04-6CB0-4376-80C2-98CFBD86FE7F}.Debug|Any CPU.Build.0 = Debug|Any CPU
		{254E1D04-6CB0-4376-80C2-98CFBD86FE7F}.Release|Any CPU.ActiveCfg = Release|Any CPU
		{254E1D04-6CB0-4376-80C2-98CFBD86FE7F}.Release|Any CPU.Build.0 = Release|Any CPU
		{7CD365C2-7126-4907-88D9-9F61C7679DB9}.Debug|Any CPU.ActiveCfg = Debug|Any CPU
		{7CD365C2-7126-4907-88D9-9F61C7679DB9}.Debug|Any CPU.Build.0 = Debug|Any CPU
		{7CD365C2-7126-4907-88D9-9F61C7679DB9}.Release|Any CPU.ActiveCfg = Release|Any CPU
		{7CD365C2-7126-4907-88D9-9F61C7679DB9}.Release|Any CPU.Build.0 = Release|Any CPU
		{C7B43003-F351-4C22-8317-957511047F5E}.Debug|Any CPU.ActiveCfg = Debug|Any CPU
		{C7B43003-F351-4C22-8317-957511047F5E}.Debug|Any CPU.Build.0 = Debug|Any CPU
		{C7B43003-F351-4C22-8317-957511047F5E}.Release|Any CPU.ActiveCfg = Release|Any CPU
		{C7B43003-F351-4C22-8317-957511047F5E}.Release|Any CPU.Build.0 = Release|Any CPU
		{A83A23F2-19B5-421B-A97C-F2C28B708D69}.Debug|Any CPU.ActiveCfg = Debug|Any CPU
		{A83A23F2-19B5-421B-A97C-F2C28B708D69}.Debug|Any CPU.Build.0 = Debug|Any CPU
		{A83A23F2-19B5-421B-A97C-F2C28B708D69}.Release|Any CPU.ActiveCfg = Release|Any CPU
		{A83A23F2-19B5-421B-A97C-F2C28B708D69}.Release|Any CPU.Build.0 = Release|Any CPU
		{3CFAD207-E815-4A7D-BB5A-82E868F61EB5}.Debug|Any CPU.ActiveCfg = Debug|Any CPU
		{3CFAD207-E815-4A7D-BB5A-82E868F61EB5}.Debug|Any CPU.Build.0 = Debug|Any CPU
		{3CFAD207-E815-4A7D-BB5A-82E868F61EB5}.Release|Any CPU.ActiveCfg = Release|Any CPU
		{3CFAD207-E815-4A7D-BB5A-82E868F61EB5}.Release|Any CPU.Build.0 = Release|Any CPU
	EndGlobalSection
	GlobalSection(SolutionProperties) = preSolution
		HideSolutionNode = FALSE
	EndGlobalSection
	GlobalSection(NestedProjects) = preSolution
		{4268DBE4-5B37-4FF2-8F62-4387ACB25A2D} = {A87CD118-38B0-4B1A-876D-4FE376F7C3B8}
		{0FBD493B-A30D-4415-AAEF-4B3FA9289845} = {A87CD118-38B0-4B1A-876D-4FE376F7C3B8}
		{44217773-4FFB-4D1F-9B7F-2F650B8BD7B7} = {A87CD118-38B0-4B1A-876D-4FE376F7C3B8}
		{964C55E8-B1E7-4E7B-B6EB-3FED571BBE69} = {9F4F8F52-3568-4811-8C38-B497084D77BF}
		{724AB6F9-D84C-406F-80AF-18C14D957336} = {9F4F8F52-3568-4811-8C38-B497084D77BF}
		{5343A55B-EACB-4E23-A62E-E3D3B51AAC35} = {14EBF01A-F4D0-419E-819F-E10974838B25}
		{50F9C11A-32E1-4584-9C4A-9ADE977E4786} = {14EBF01A-F4D0-419E-819F-E10974838B25}
		{CDD34BF9-38A2-4235-A881-DD98ACF3E381} = {C279C607-ECF6-4A99-BAC4-298DA157451F}
		{2C9179A8-0A20-453D-8320-685DE5FE7340} = {C279C607-ECF6-4A99-BAC4-298DA157451F}
		{7A419E49-67AD-4B81-851B-C191BD2B7087} = {7A2B9D03-57C6-4DD4-9E63-98EEB8CA3511}
		{A21EA496-720B-4A79-BA75-467805F7E4BF} = {7A2B9D03-57C6-4DD4-9E63-98EEB8CA3511}
		{297EAE50-88B0-4A36-B3DD-03C4A8E89E41} = {8D5ECEE3-746C-406F-9E7E-8C8039738D9A}
		{61512942-39D2-4C89-AEE0-3158F8188720} = {1BDEEED1-B7DB-491D-A74F-CF68B568BB53}
		{48E5FBFF-433D-4F02-8325-43854C65DA79} = {1BDEEED1-B7DB-491D-A74F-CF68B568BB53}
		{3D3A5288-C80C-4608-ADEB-352ECD9E410E} = {8D5ECEE3-746C-406F-9E7E-8C8039738D9A}
		{B35B770D-B252-49F0-B1A3-02D8EF1FC8C6} = {8D5ECEE3-746C-406F-9E7E-8C8039738D9A}
		{9649FA3D-A922-4B7E-965F-D165A2E49921} = {1BDEEED1-B7DB-491D-A74F-CF68B568BB53}
		{0E36582F-2018-4854-9745-415D06F60BB0} = {7A2B9D03-57C6-4DD4-9E63-98EEB8CA3511}
		{B9501FF7-F095-459F-B7AE-F403659C5454} = {C279C607-ECF6-4A99-BAC4-298DA157451F}
		{38F4C9DF-ACD2-4282-BBC2-6EE1499D33E2} = {1BDEEED1-B7DB-491D-A74F-CF68B568BB53}
		{254E1D04-6CB0-4376-80C2-98CFBD86FE7F} = {8D5ECEE3-746C-406F-9E7E-8C8039738D9A}
		{7CD365C2-7126-4907-88D9-9F61C7679DB9} = {A87CD118-38B0-4B1A-876D-4FE376F7C3B8}
		{C7B43003-F351-4C22-8317-957511047F5E} = {14EBF01A-F4D0-419E-819F-E10974838B25}
		{A83A23F2-19B5-421B-A97C-F2C28B708D69} = {7A2B9D03-57C6-4DD4-9E63-98EEB8CA3511}
		{3CFAD207-E815-4A7D-BB5A-82E868F61EB5} = {C279C607-ECF6-4A99-BAC4-298DA157451F}
	EndGlobalSection
EndGlobal
